
Microsoft Visual Studio Solution File, Format Version 12.00
# Visual Studio Version 17
VisualStudioVersion = 17.14.36705.20
MinimumVisualStudioVersion = 10.0.40219.1
Project("{FAE04EC0-301F-11D3-BF4B-00C04F79EFBC}") = "CustomerSupportTicketSystem.API", "CustomerSupportTicketSystem.Api\CustomerSupportTicketSystem.API.csproj", "{C3FC55AF-9E43-FEA0-52C7-973B4B6E0DCB}"
EndProject
Project("{FAE04EC0-301F-11D3-BF4B-00C04F79EFBC}") = "CustomerSupportTicketSystem.Desktop", "CustomerSupportTicketSystem.Desktop\CustomerSupportTicketSystem.Desktop.csproj", "{D9D87662-D68B-4788-8D9A-2764224ABF3F}"
EndProject
Global
	GlobalSection(SolutionConfigurationPlatforms) = preSolution
		Debug|Any CPU = Debug|Any CPU
		Release|Any CPU = Release|Any CPU
	EndGlobalSection
	GlobalSection(ProjectConfigurationPlatforms) = postSolution
		{C3FC55AF-9E43-FEA0-52C7-973B4B6E0DCB}.Debug|Any CPU.ActiveCfg = Debug|Any CPU
		{C3FC55AF-9E43-FEA0-52C7-973B4B6E0DCB}.Debug|Any CPU.Build.0 = Debug|Any CPU
		{C3FC55AF-9E43-FEA0-52C7-973B4B6E0DCB}.Release|Any CPU.ActiveCfg = Release|Any CPU
		{C3FC55AF-9E43-FEA0-52C7-973B4B6E0DCB}.Release|Any CPU.Build.0 = Release|Any CPU
		{D9D87662-D68B-4788-8D9A-2764224ABF3F}.Debug|Any CPU.ActiveCfg = Debug|Any CPU
		{D9D87662-D68B-4788-8D9A-2764224ABF3F}.Debug|Any CPU.Build.0 = Debug|Any CPU
		{D9D87662-D68B-4788-8D9A-2764224ABF3F}.Release|Any CPU.ActiveCfg = Release|Any CPU
		{D9D87662-D68B-4788-8D9A-2764224ABF3F}.Release|Any CPU.Build.0 = Release|Any CPU
	EndGlobalSection
	GlobalSection(SolutionProperties) = preSolution
		HideSolutionNode = FALSE
	EndGlobalSection
	GlobalSection(ExtensibilityGlobals) = postSolution
		SolutionGuid = {5E4B17CD-8844-41C7-B0E0-0E4E1E37C50C}
	EndGlobalSection
EndGlobal
